// !$*UTF8*$!
{
	archiveVersion = 1;
	classes = {
	};
	objectVersion = 50;
	objects = {

/* Begin PBXBuildFile section */
		3511C5D5215B5F7F00978CB5 /* AppDelegate.m in Sources */ = {isa = PBXBuildFile; fileRef = 3511C5D4215B5F7F00978CB5 /* AppDelegate.m */; };
		3511C5D8215B5F7F00978CB5 /* ViewController.m in Sources */ = {isa = PBXBuildFile; fileRef = 3511C5D7215B5F7F00978CB5 /* ViewController.m */; };
		3511C5DB215B5F7F00978CB5 /* Main.storyboard in Resources */ = {isa = PBXBuildFile; fileRef = 3511C5D9215B5F7F00978CB5 /* Main.storyboard */; };
		3511C5DD215B5F8000978CB5 /* Assets.xcassets in Resources */ = {isa = PBXBuildFile; fileRef = 3511C5DC215B5F8000978CB5 /* Assets.xcassets */; };
		3511C5E0215B5F8000978CB5 /* LaunchScreen.storyboard in Resources */ = {isa = PBXBuildFile; fileRef = 3511C5DE215B5F8000978CB5 /* LaunchScreen.storyboard */; };
		3511C5E3215B5F8000978CB5 /* main.m in Sources */ = {isa = PBXBuildFile; fileRef = 3511C5E2215B5F8000978CB5 /* main.m */; };
		3511C5ED215B5F8000978CB5 /* HitTestTests.m in Sources */ = {isa = PBXBuildFile; fileRef = 3511C5EC215B5F8000978CB5 /* HitTestTests.m */; };
		3511C5F8215B5F8000978CB5 /* HitTestUITests.m in Sources */ = {isa = PBXBuildFile; fileRef = 3511C5F7215B5F8000978CB5 /* HitTestUITests.m */; };
		3511C608215B606400978CB5 /* AView.m in Sources */ = {isa = PBXBuildFile; fileRef = 3511C607215B606400978CB5 /* AView.m */; };
		3511C60B215B606C00978CB5 /* BView.m in Sources */ = {isa = PBXBuildFile; fileRef = 3511C60A215B606C00978CB5 /* BView.m */; };
		3511C60E215B607700978CB5 /* CView.m in Sources */ = {isa = PBXBuildFile; fileRef = 3511C60D215B607700978CB5 /* CView.m */; };
		3511C611215B608100978CB5 /* DView.m in Sources */ = {isa = PBXBuildFile; fileRef = 3511C610215B608100978CB5 /* DView.m */; };
		3511C614215B615600978CB5 /* BaseView.m in Sources */ = {isa = PBXBuildFile; fileRef = 3511C613215B615600978CB5 /* BaseView.m */; };
		3511C61B215B7B9100978CB5 /* UIResponder+Category.m in Sources */ = {isa = PBXBuildFile; fileRef = 3511C61A215B7B9100978CB5 /* UIResponder+Category.m */; };
		3511C61E215B7DD500978CB5 /* UIView+Category.m in Sources */ = {isa = PBXBuildFile; fileRef = 3511C61D215B7DD500978CB5 /* UIView+Category.m */; };
/* End PBXBuildFile section */

/* Begin PBXContainerItemProxy section */
		3511C5E9215B5F8000978CB5 /* PBXContainerItemProxy */ = {
			isa = PBXContainerItemProxy;
			containerPortal = 3511C5C8215B5F7E00978CB5 /* Project object */;
			proxyType = 1;
			remoteGlobalIDString = 3511C5CF215B5F7F00978CB5;
			remoteInfo = HitTest;
		};
		3511C5F4215B5F8000978CB5 /* PBXContainerItemProxy */ = {
			isa = PBXContainerItemProxy;
			containerPortal = 3511C5C8215B5F7E00978CB5 /* Project object */;
			proxyType = 1;
			remoteGlobalIDString = 3511C5CF215B5F7F00978CB5;
			remoteInfo = HitTest;
		};
/* End PBXContainerItemProxy section */

/* Begin PBXFileReference section */
		3511C5D0215B5F7F00978CB5 /* HitTest.app */ = {isa = PBXFileReference; explicitFileType = wrapper.application; includeInIndex = 0; path = HitTest.app; sourceTree = BUILT_PRODUCTS_DIR; };
		3511C5D3215B5F7F00978CB5 /* AppDelegate.h */ = {isa = PBXFileReference; lastKnownFileType = sourcecode.c.h; path = AppDelegate.h; sourceTree = "<group>"; };
		3511C5D4215B5F7F00978CB5 /* AppDelegate.m */ = {isa = PBXFileReference; lastKnownFileType = sourcecode.c.objc; path = AppDelegate.m; sourceTree = "<group>"; };
		3511C5D6215B5F7F00978CB5 /* ViewController.h */ = {isa = PBXFileReference; lastKnownFileType = sourcecode.c.h; path = ViewController.h; sourceTree = "<group>"; };
		3511C5D7215B5F7F00978CB5 /* ViewController.m */ = {isa = PBXFileReference; lastKnownFileType = sourcecode.c.objc; path = ViewController.m; sourceTree = "<group>"; };
		3511C5DA215B5F7F00978CB5 /* Base */ = {isa = PBXFileReference; lastKnownFileType = file.storyboard; name = Base; path = Base.lproj/Main.storyboard; sourceTree = "<group>"; };
		3511C5DC215B5F8000978CB5 /* Assets.xcassets */ = {isa = PBXFileReference; lastKnownFileType = folder.assetcatalog; path = Assets.xcassets; sourceTree = "<group>"; };
		3511C5DF215B5F8000978CB5 /* Base */ = {isa = PBXFileReference; lastKnownFileType = file.storyboard; name = Base; path = Base.lproj/LaunchScreen.storyboard; sourceTree = "<group>"; };
		3511C5E1215B5F8000978CB5 /* Info.plist */ = {isa = PBXFileReference; lastKnownFileType = text.plist.xml; path = Info.plist; sourceTree = "<group>"; };
		3511C5E2215B5F8000978CB5 /* main.m */ = {isa = PBXFileReference; lastKnownFileType = sourcecode.c.objc; path = main.m; sourceTree = "<group>"; };
		3511C5E8215B5F8000978CB5 /* HitTestTests.xctest */ = {isa = PBXFileReference; explicitFileType = wrapper.cfbundle; includeInIndex = 0; path = HitTestTests.xctest; sourceTree = BUILT_PRODUCTS_DIR; };
		3511C5EC215B5F8000978CB5 /* HitTestTests.m */ = {isa = PBXFileReference; lastKnownFileType = sourcecode.c.objc; path = HitTestTests.m; sourceTree = "<group>"; };
		3511C5EE215B5F8000978CB5 /* Info.plist */ = {isa = PBXFileReference; lastKnownFileType = text.plist.xml; path = Info.plist; sourceTree = "<group>"; };
		3511C5F3215B5F8000978CB5 /* HitTestUITests.xctest */ = {isa = PBXFileReference; explicitFileType = wrapper.cfbundle; includeInIndex = 0; path = HitTestUITests.xctest; sourceTree = BUILT_PRODUCTS_DIR; };
		3511C5F7215B5F8000978CB5 /* HitTestUITests.m */ = {isa = PBXFileReference; lastKnownFileType = sourcecode.c.objc; path = HitTestUITests.m; sourceTree = "<group>"; };
		3511C5F9215B5F8000978CB5 /* Info.plist */ = {isa = PBXFileReference; lastKnownFileType = text.plist.xml; path = Info.plist; sourceTree = "<group>"; };
		3511C606215B606400978CB5 /* AView.h */ = {isa = PBXFileReference; lastKnownFileType = sourcecode.c.h; path = AView.h; sourceTree = "<group>"; };
		3511C607215B606400978CB5 /* AView.m */ = {isa = PBXFileReference; lastKnownFileType = sourcecode.c.objc; path = AView.m; sourceTree = "<group>"; };
		3511C609215B606C00978CB5 /* BView.h */ = {isa = PBXFileReference; lastKnownFileType = sourcecode.c.h; path = BView.h; sourceTree = "<group>"; };
		3511C60A215B606C00978CB5 /* BView.m */ = {isa = PBXFileReference; lastKnownFileType = sourcecode.c.objc; path = BView.m; sourceTree = "<group>"; };
		3511C60C215B607700978CB5 /* CView.h */ = {isa = PBXFileReference; lastKnownFileType = sourcecode.c.h; path = CView.h; sourceTree = "<group>"; };
		3511C60D215B607700978CB5 /* CView.m */ = {isa = PBXFileReference; lastKnownFileType = sourcecode.c.objc; path = CView.m; sourceTree = "<group>"; };
		3511C60F215B608100978CB5 /* DView.h */ = {isa = PBXFileReference; lastKnownFileType = sourcecode.c.h; path = DView.h; sourceTree = "<group>"; };
		3511C610215B608100978CB5 /* DView.m */ = {isa = PBXFileReference; lastKnownFileType = sourcecode.c.objc; path = DView.m; sourceTree = "<group>"; };
		3511C612215B615600978CB5 /* BaseView.h */ = {isa = PBXFileReference; lastKnownFileType = sourcecode.c.h; path = BaseView.h; sourceTree = "<group>"; };
		3511C613215B615600978CB5 /* BaseView.m */ = {isa = PBXFileReference; lastKnownFileType = sourcecode.c.objc; path = BaseView.m; sourceTree = "<group>"; };
		3511C619215B7B9100978CB5 /* UIResponder+Category.h */ = {isa = PBXFileReference; lastKnownFileType = sourcecode.c.h; path = "UIResponder+Category.h"; sourceTree = "<group>"; };
		3511C61A215B7B9100978CB5 /* UIResponder+Category.m */ = {isa = PBXFileReference; lastKnownFileType = sourcecode.c.objc; path = "UIResponder+Category.m"; sourceTree = "<group>"; };
		3511C61C215B7DD500978CB5 /* UIView+Category.h */ = {isa = PBXFileReference; fileEncoding = 4; lastKnownFileType = sourcecode.c.h; path = "UIView+Category.h"; sourceTree = "<group>"; };
		3511C61D215B7DD500978CB5 /* UIView+Category.m */ = {isa = PBXFileReference; fileEncoding = 4; lastKnownFileType = sourcecode.c.objc; path = "UIView+Category.m"; sourceTree = "<group>"; };
/* End PBXFileReference section */

/* Begin PBXFrameworksBuildPhase section */
		3511C5CD215B5F7F00978CB5 /* Frameworks */ = {
			isa = PBXFrameworksBuildPhase;
			buildActionMask = 2147483647;
			files = (
			);
			runOnlyForDeploymentPostprocessing = 0;
		};
		3511C5E5215B5F8000978CB5 /* Frameworks */ = {
			isa = PBXFrameworksBuildPhase;
			buildActionMask = 2147483647;
			files = (
			);
			runOnlyForDeploymentPostprocessing = 0;
		};
		3511C5F0215B5F8000978CB5 /* Frameworks */ = {
			isa = PBXFrameworksBuildPhase;
			buildActionMask = 2147483647;
			files = (
			);
			runOnlyForDeploymentPostprocessing = 0;
		};
/* End PBXFrameworksBuildPhase section */

/* Begin PBXGroup section */
		3511C5C7215B5F7E00978CB5 = {
			isa = PBXGroup;
			children = (
				3511C5D2215B5F7F00978CB5 /* HitTest */,
				3511C5EB215B5F8000978CB5 /* HitTestTests */,
				3511C5F6215B5F8000978CB5 /* HitTestUITests */,
				3511C5D1215B5F7F00978CB5 /* Products */,
			);
			sourceTree = "<group>";
		};
		3511C5D1215B5F7F00978CB5 /* Products */ = {
			isa = PBXGroup;
			children = (
				3511C5D0215B5F7F00978CB5 /* HitTest.app */,
				3511C5E8215B5F8000978CB5 /* HitTestTests.xctest */,
				3511C5F3215B5F8000978CB5 /* HitTestUITests.xctest */,
			);
			name = Products;
			sourceTree = "<group>";
		};
		3511C5D2215B5F7F00978CB5 /* HitTest */ = {
			isa = PBXGroup;
			children = (
				3511C615215B768E00978CB5 /* Category */,
				3511C605215B605200978CB5 /* View */,
				3511C5D3215B5F7F00978CB5 /* AppDelegate.h */,
				3511C5D4215B5F7F00978CB5 /* AppDelegate.m */,
				3511C5D6215B5F7F00978CB5 /* ViewController.h */,
				3511C5D7215B5F7F00978CB5 /* ViewController.m */,
				3511C5D9215B5F7F00978CB5 /* Main.storyboard */,
				3511C5DC215B5F8000978CB5 /* Assets.xcassets */,
				3511C5DE215B5F8000978CB5 /* LaunchScreen.storyboard */,
				3511C5E1215B5F8000978CB5 /* Info.plist */,
				3511C5E2215B5F8000978CB5 /* main.m */,
			);
			path = HitTest;
			sourceTree = "<group>";
		};
		3511C5EB215B5F8000978CB5 /* HitTestTests */ = {
			isa = PBXGroup;
			children = (
				3511C5EC215B5F8000978CB5 /* HitTestTests.m */,
				3511C5EE215B5F8000978CB5 /* Info.plist */,
			);
			path = HitTestTests;
			sourceTree = "<group>";
		};
		3511C5F6215B5F8000978CB5 /* HitTestUITests */ = {
			isa = PBXGroup;
			children = (
				3511C5F7215B5F8000978CB5 /* HitTestUITests.m */,
				3511C5F9215B5F8000978CB5 /* Info.plist */,
			);
			path = HitTestUITests;
			sourceTree = "<group>";
		};
		3511C605215B605200978CB5 /* View */ = {
			isa = PBXGroup;
			children = (
				3511C606215B606400978CB5 /* AView.h */,
				3511C607215B606400978CB5 /* AView.m */,
				3511C609215B606C00978CB5 /* BView.h */,
				3511C60A215B606C00978CB5 /* BView.m */,
				3511C60C215B607700978CB5 /* CView.h */,
				3511C60D215B607700978CB5 /* CView.m */,
				3511C60F215B608100978CB5 /* DView.h */,
				3511C610215B608100978CB5 /* DView.m */,
				3511C612215B615600978CB5 /* BaseView.h */,
				3511C613215B615600978CB5 /* BaseView.m */,
			);
			path = View;
			sourceTree = "<group>";
		};
		3511C615215B768E00978CB5 /* Category */ = {
			isa = PBXGroup;
			children = (
				3511C61C215B7DD500978CB5 /* UIView+Category.h */,
				3511C61D215B7DD500978CB5 /* UIView+Category.m */,
				3511C619215B7B9100978CB5 /* UIResponder+Category.h */,
				3511C61A215B7B9100978CB5 /* UIResponder+Category.m */,
			);
			path = Category;
			sourceTree = "<group>";
		};
/* End PBXGroup section */

/* Begin PBXNativeTarget section */
		3511C5CF215B5F7F00978CB5 /* HitTest */ = {
			isa = PBXNativeTarget;
			buildConfigurationList = 3511C5FC215B5F8000978CB5 /* Build configuration list for PBXNativeTarget "HitTest" */;
			buildPhases = (
				3511C5CC215B5F7F00978CB5 /* Sources */,
				3511C5CD215B5F7F00978CB5 /* Frameworks */,
				3511C5CE215B5F7F00978CB5 /* Resources */,
			);
			buildRules = (
			);
			dependencies = (
			);
			name = HitTest;
			productName = HitTest;
			productReference = 3511C5D0215B5F7F00978CB5 /* HitTest.app */;
			productType = "com.apple.product-type.application";
		};
		3511C5E7215B5F8000978CB5 /* HitTestTests */ = {
			isa = PBXNativeTarget;
			buildConfigurationList = 3511C5FF215B5F8000978CB5 /* Build configuration list for PBXNativeTarget "HitTestTests" */;
			buildPhases = (
				3511C5E4215B5F8000978CB5 /* Sources */,
				3511C5E5215B5F8000978CB5 /* Frameworks */,
				3511C5E6215B5F8000978CB5 /* Resources */,
			);
			buildRules = (
			);
			dependencies = (
				3511C5EA215B5F8000978CB5 /* PBXTargetDependency */,
			);
			name = HitTestTests;
			productName = HitTestTests;
			productReference = 3511C5E8215B5F8000978CB5 /* HitTestTests.xctest */;
			productType = "com.apple.product-type.bundle.unit-test";
		};
		3511C5F2215B5F8000978CB5 /* HitTestUITests */ = {
			isa = PBXNativeTarget;
			buildConfigurationList = 3511C602215B5F8000978CB5 /* Build configuration list for PBXNativeTarget "HitTestUITests" */;
			buildPhases = (
				3511C5EF215B5F8000978CB5 /* Sources */,
				3511C5F0215B5F8000978CB5 /* Frameworks */,
				3511C5F1215B5F8000978CB5 /* Resources */,
			);
			buildRules = (
			);
			dependencies = (
				3511C5F5215B5F8000978CB5 /* PBXTargetDependency */,
			);
			name = HitTestUITests;
			productName = HitTestUITests;
			productReference = 3511C5F3215B5F8000978CB5 /* HitTestUITests.xctest */;
			productType = "com.apple.product-type.bundle.ui-testing";
		};
/* End PBXNativeTarget section */

/* Begin PBXProject section */
		3511C5C8215B5F7E00978CB5 /* Project object */ = {
			isa = PBXProject;
			attributes = {
				LastUpgradeCheck = 0940;
				ORGANIZATIONNAME = duoyi;
				TargetAttributes = {
					3511C5CF215B5F7F00978CB5 = {
						CreatedOnToolsVersion = 9.4;
					};
					3511C5E7215B5F8000978CB5 = {
						CreatedOnToolsVersion = 9.4;
						TestTargetID = 3511C5CF215B5F7F00978CB5;
					};
					3511C5F2215B5F8000978CB5 = {
						CreatedOnToolsVersion = 9.4;
						TestTargetID = 3511C5CF215B5F7F00978CB5;
					};
				};
			};
			buildConfigurationList = 3511C5CB215B5F7E00978CB5 /* Build configuration list for PBXProject "HitTest" */;
			compatibilityVersion = "Xcode 9.3";
			developmentRegion = en;
			hasScannedForEncodings = 0;
			knownRegions = (
				en,
				Base,
			);
			mainGroup = 3511C5C7215B5F7E00978CB5;
			productRefGroup = 3511C5D1215B5F7F00978CB5 /* Products */;
			projectDirPath = "";
			projectRoot = "";
			targets = (
				3511C5CF215B5F7F00978CB5 /* HitTest */,
				3511C5E7215B5F8000978CB5 /* HitTestTests */,
				3511C5F2215B5F8000978CB5 /* HitTestUITests */,
			);
		};
/* End PBXProject section */

/* Begin PBXResourcesBuildPhase section */
		3511C5CE215B5F7F00978CB5 /* Resources */ = {
			isa = PBXResourcesBuildPhase;
			buildActionMask = 2147483647;
			files = (
				3511C5E0215B5F8000978CB5 /* LaunchScreen.storyboard in Resources */,
				3511C5DD215B5F8000978CB5 /* Assets.xcassets in Resources */,
				3511C5DB215B5F7F00978CB5 /* Main.storyboard in Resources */,
			);
			runOnlyForDeploymentPostprocessing = 0;
		};
		3511C5E6215B5F8000978CB5 /* Resources */ = {
			isa = PBXResourcesBuildPhase;
			buildActionMask = 2147483647;
			files = (
			);
			runOnlyForDeploymentPostprocessing = 0;
		};
		3511C5F1215B5F8000978CB5 /* Resources */ = {
			isa = PBXResourcesBuildPhase;
			buildActionMask = 2147483647;
			files = (
			);
			runOnlyForDeploymentPostprocessing = 0;
		};
/* End PBXResourcesBuildPhase section */

/* Begin PBXSourcesBuildPhase section */
		3511C5CC215B5F7F00978CB5 /* Sources */ = {
			isa = PBXSourcesBuildPhase;
			buildActionMask = 2147483647;
			files = (
				3511C60E215B607700978CB5 /* CView.m in Sources */,
				3511C5D8215B5F7F00978CB5 /* ViewController.m in Sources */,
				3511C5E3215B5F8000978CB5 /* main.m in Sources */,
				3511C614215B615600978CB5 /* BaseView.m in Sources */,
				3511C608215B606400978CB5 /* AView.m in Sources */,
				3511C5D5215B5F7F00978CB5 /* AppDelegate.m in Sources */,
				3511C611215B608100978CB5 /* DView.m in Sources */,
				3511C61B215B7B9100978CB5 /* UIResponder+Category.m in Sources */,
				3511C61E215B7DD500978CB5 /* UIView+Category.m in Sources */,
				3511C60B215B606C00978CB5 /* BView.m in Sources */,
			);
			runOnlyForDeploymentPostprocessing = 0;
		};
		3511C5E4215B5F8000978CB5 /* Sources */ = {
			isa = PBXSourcesBuildPhase;
			buildActionMask = 2147483647;
			files = (
				3511C5ED215B5F8000978CB5 /* HitTestTests.m in Sources */,
			);
			runOnlyForDeploymentPostprocessing = 0;
		};
		3511C5EF215B5F8000978CB5 /* Sources */ = {
			isa = PBXSourcesBuildPhase;
			buildActionMask = 2147483647;
			files = (
				3511C5F8215B5F8000978CB5 /* HitTestUITests.m in Sources */,
			);
			runOnlyForDeploymentPostprocessing = 0;
		};
/* End PBXSourcesBuildPhase section */

/* Begin PBXTargetDependency section */
		3511C5EA215B5F8000978CB5 /* PBXTargetDependency */ = {
			isa = PBXTargetDependency;
			target = 3511C5CF215B5F7F00978CB5 /* HitTest */;
			targetProxy = 3511C5E9215B5F8000978CB5 /* PBXContainerItemProxy */;
		};
		3511C5F5215B5F8000978CB5 /* PBXTargetDependency */ = {
			isa = PBXTargetDependency;
			target = 3511C5CF215B5F7F00978CB5 /* HitTest */;
			targetProxy = 3511C5F4215B5F8000978CB5 /* PBXContainerItemProxy */;
		};
/* End PBXTargetDependency section */

/* Begin PBXVariantGroup section */
		3511C5D9215B5F7F00978CB5 /* Main.storyboard */ = {
			isa = PBXVariantGroup;
			children = (
				3511C5DA215B5F7F00978CB5 /* Base */,
			);
			name = Main.storyboard;
			sourceTree = "<group>";
		};
		3511C5DE215B5F8000978CB5 /* LaunchScreen.storyboard */ = {
			isa = PBXVariantGroup;
			children = (
				3511C5DF215B5F8000978CB5 /* Base */,
			);
			name = LaunchScreen.storyboard;
			sourceTree = "<group>";
		};
/* End PBXVariantGroup section */

/* Begin XCBuildConfiguration section */
		3511C5FA215B5F8000978CB5 /* Debug */ = {
			isa = XCBuildConfiguration;
			buildSettings = {
				ALWAYS_SEARCH_USER_PATHS = NO;
				CLANG_ANALYZER_NONNULL = YES;
				CLANG_ANALYZER_NUMBER_OBJECT_CONVERSION = YES_AGGRESSIVE;
				CLANG_CXX_LANGUAGE_STANDARD = "gnu++14";
				CLANG_CXX_LIBRARY = "libc++";
				CLANG_ENABLE_MODULES = YES;
				CLANG_ENABLE_OBJC_ARC = YES;
				CLANG_ENABLE_OBJC_WEAK = YES;
				CLANG_WARN_BLOCK_CAPTURE_AUTORELEASING = YES;
				CLANG_WARN_BOOL_CONVERSION = YES;
				CLANG_WARN_COMMA = YES;
				CLANG_WARN_CONSTANT_CONVERSION = YES;
				CLANG_WARN_DEPRECATED_OBJC_IMPLEMENTATIONS = YES;
				CLANG_WARN_DIRECT_OBJC_ISA_USAGE = YES_ERROR;
				CLANG_WARN_DOCUMENTATION_COMMENTS = YES;
				CLANG_WARN_EMPTY_BODY = YES;
				CLANG_WARN_ENUM_CONVERSION = YES;
				CLANG_WARN_INFINITE_RECURSION = YES;
				CLANG_WARN_INT_CONVERSION = YES;
				CLANG_WARN_NON_LITERAL_NULL_CONVERSION = YES;
				CLANG_WARN_OBJC_IMPLICIT_RETAIN_SELF = YES;
				CLANG_WARN_OBJC_LITERAL_CONVERSION = YES;
				CLANG_WARN_OBJC_ROOT_CLASS = YES_ERROR;
				CLANG_WARN_RANGE_LOOP_ANALYSIS = YES;
				CLANG_WARN_STRICT_PROTOTYPES = YES;
				CLANG_WARN_SUSPICIOUS_MOVE = YES;
				CLANG_WARN_UNGUARDED_AVAILABILITY = YES_AGGRESSIVE;
				CLANG_WARN_UNREACHABLE_CODE = YES;
				CLANG_WARN__DUPLICATE_METHOD_MATCH = YES;
				CODE_SIGN_IDENTITY = "iPhone Developer";
				COPY_PHASE_STRIP = NO;
				DEBUG_INFORMATION_FORMAT = dwarf;
				ENABLE_STRICT_OBJC_MSGSEND = YES;
				ENABLE_TESTABILITY = YES;
				GCC_C_LANGUAGE_STANDARD = gnu11;
				GCC_DYNAMIC_NO_PIC = NO;
				GCC_NO_COMMON_BLOCKS = YES;
				GCC_OPTIMIZATION_LEVEL = 0;
				GCC_PREPROCESSOR_DEFINITIONS = (
					"DEBUG=1",
					"$(inherited)",
				);
				GCC_WARN_64_TO_32_BIT_CONVERSION = YES;
				GCC_WARN_ABOUT_RETURN_TYPE = YES_ERROR;
				GCC_WARN_UNDECLARED_SELECTOR = YES;
				GCC_WARN_UNINITIALIZED_AUTOS = YES_AGGRESSIVE;
				GCC_WARN_UNUSED_FUNCTION = YES;
				GCC_WARN_UNUSED_VARIABLE = YES;
				IPHONEOS_DEPLOYMENT_TARGET = 11.4;
				MTL_ENABLE_DEBUG_INFO = YES;
				ONLY_ACTIVE_ARCH = YES;
				SDKROOT = iphoneos;
			};
			name = Debug;
		};
		3511C5FB215B5F8000978CB5 /* Release */ = {
			isa = XCBuildConfiguration;
			buildSettings = {
				ALWAYS_SEARCH_USER_PATHS = NO;
				CLANG_ANALYZER_NONNULL = YES;
				CLANG_ANALYZER_NUMBER_OBJECT_CONVERSION = YES_AGGRESSIVE;
				CLANG_CXX_LANGUAGE_STANDARD = "gnu++14";
				CLANG_CXX_LIBRARY = "libc++";
				CLANG_ENABLE_MODULES = YES;
				CLANG_ENABLE_OBJC_ARC = YES;
				CLANG_ENABLE_OBJC_WEAK = YES;
				CLANG_WARN_BLOCK_CAPTURE_AUTORELEASING = YES;
				CLANG_WARN_BOOL_CONVERSION = YES;
				CLANG_WARN_COMMA = YES;
				CLANG_WARN_CONSTANT_CONVERSION = YES;
				CLANG_WARN_DEPRECATED_OBJC_IMPLEMENTATIONS = YES;
				CLANG_WARN_DIRECT_OBJC_ISA_USAGE = YES_ERROR;
				CLANG_WARN_DOCUMENTATION_COMMENTS = YES;
				CLANG_WARN_EMPTY_BODY = YES;
				CLANG_WARN_ENUM_CONVERSION = YES;
				CLANG_WARN_INFINITE_RECURSION = YES;
				CLANG_WARN_INT_CONVERSION = YES;
				CLANG_WARN_NON_LITERAL_NULL_CONVERSION = YES;
				CLANG_WARN_OBJC_IMPLICIT_RETAIN_SELF = YES;
				CLANG_WARN_OBJC_LITERAL_CONVERSION = YES;
				CLANG_WARN_OBJC_ROOT_CLASS = YES_ERROR;
				CLANG_WARN_RANGE_LOOP_ANALYSIS = YES;
				CLANG_WARN_STRICT_PROTOTYPES = YES;
				CLANG_WARN_SUSPICIOUS_MOVE = YES;
				CLANG_WARN_UNGUARDED_AVAILABILITY = YES_AGGRESSIVE;
				CLANG_WARN_UNREACHABLE_CODE = YES;
				CLANG_WARN__DUPLICATE_METHOD_MATCH = YES;
				CODE_SIGN_IDENTITY = "iPhone Developer";
				COPY_PHASE_STRIP = NO;
				DEBUG_INFORMATION_FORMAT = "dwarf-with-dsym";
				ENABLE_NS_ASSERTIONS = NO;
				ENABLE_STRICT_OBJC_MSGSEND = YES;
				GCC_C_LANGUAGE_STANDARD = gnu11;
				GCC_NO_COMMON_BLOCKS = YES;
				GCC_WARN_64_TO_32_BIT_CONVERSION = YES;
				GCC_WARN_ABOUT_RETURN_TYPE = YES_ERROR;
				GCC_WARN_UNDECLARED_SELECTOR = YES;
				GCC_WARN_UNINITIALIZED_AUTOS = YES_AGGRESSIVE;
				GCC_WARN_UNUSED_FUNCTION = YES;
				GCC_WARN_UNUSED_VARIABLE = YES;
				IPHONEOS_DEPLOYMENT_TARGET = 11.4;
				MTL_ENABLE_DEBUG_INFO = NO;
				SDKROOT = iphoneos;
				VALIDATE_PRODUCT = YES;
			};
			name = Release;
		};
		3511C5FD215B5F8000978CB5 /* Debug */ = {
			isa = XCBuildConfiguration;
			buildSettings = {
				ASSETCATALOG_COMPILER_APPICON_NAME = AppIcon;
				CODE_SIGN_STYLE = Automatic;
				INFOPLIST_FILE = HitTest/Info.plist;
				LD_RUNPATH_SEARCH_PATHS = (
					"$(inherited)",
					"@executable_path/Frameworks",
				);
				PRODUCT_BUNDLE_IDENTIFIER = com.sz.nb.HitTest;
				PRODUCT_NAME = "$(TARGET_NAME)";
				TARGETED_DEVICE_FAMILY = "1,2";
			};
			name = Debug;
		};
		3511C5FE215B5F8000978CB5 /* Release */ = {
			isa = XCBuildConfiguration;
			buildSettings = {
				ASSETCATALOG_COMPILER_APPICON_NAME = AppIcon;
				CODE_SIGN_STYLE = Automatic;
				INFOPLIST_FILE = HitTest/Info.plist;
				LD_RUNPATH_SEARCH_PATHS = (
					"$(inherited)",
					"@executable_path/Frameworks",
				);
				PRODUCT_BUNDLE_IDENTIFIER = com.sz.nb.HitTest;
				PRODUCT_NAME = "$(TARGET_NAME)";
				TARGETED_DEVICE_FAMILY = "1,2";
			};
			name = Release;
		};
		3511C600215B5F8000978CB5 /* Debug */ = {
			isa = XCBuildConfiguration;
			buildSettings = {
				BUNDLE_LOADER = "$(TEST_HOST)";
				CODE_SIGN_STYLE = Automatic;
				INFOPLIST_FILE = HitTestTests/Info.plist;
				LD_RUNPATH_SEARCH_PATHS = (
					"$(inherited)",
					"@executable_path/Frameworks",
					"@loader_path/Frameworks",
				);
				PRODUCT_BUNDLE_IDENTIFIER = com.sz.nb.HitTestTests;
				PRODUCT_NAME = "$(TARGET_NAME)";
				TARGETED_DEVICE_FAMILY = "1,2";
				TEST_HOST = "$(BUILT_PRODUCTS_DIR)/HitTest.app/HitTest";
			};
			name = Debug;
		};
		3511C601215B5F8000978CB5 /* Release */ = {
			isa = XCBuildConfiguration;
			buildSettings = {
				BUNDLE_LOADER = "$(TEST_HOST)";
				CODE_SIGN_STYLE = Automatic;
				INFOPLIST_FILE = HitTestTests/Info.plist;
				LD_RUNPATH_SEARCH_PATHS = (
					"$(inherited)",
					"@executable_path/Frameworks",
					"@loader_path/Frameworks",
				);
				PRODUCT_BUNDLE_IDENTIFIER = com.sz.nb.HitTestTests;
				PRODUCT_NAME = "$(TARGET_NAME)";
				TARGETED_DEVICE_FAMILY = "1,2";
				TEST_HOST = "$(BUILT_PRODUCTS_DIR)/HitTest.app/HitTest";
			};
			name = Release;
		};
		3511C603215B5F8000978CB5 /* Debug */ = {
			isa = XCBuildConfiguration;
			buildSettings = {
				CODE_SIGN_STYLE = Automatic;
				INFOPLIST_FILE = HitTestUITests/Info.plist;
				LD_RUNPATH_SEARCH_PATHS = (
					"$(inherited)",
					"@executable_path/Frameworks",
					"@loader_path/Frameworks",
				);
				PRODUCT_BUNDLE_IDENTIFIER = com.sz.nb.HitTestUITests;
				PRODUCT_NAME = "$(TARGET_NAME)";
				TARGETED_DEVICE_FAMILY = "1,2";
				TEST_TARGET_NAME = HitTest;
			};
			name = Debug;
		};
		3511C604215B5F8000978CB5 /* Release */ = {
			isa = XCBuildConfiguration;
			buildSettings = {
				CODE_SIGN_STYLE = Automatic;
				INFOPLIST_FILE = HitTestUITests/Info.plist;
				LD_RUNPATH_SEARCH_PATHS = (
					"$(inherited)",
					"@executable_path/Frameworks",
					"@loader_path/Frameworks",
				);
				PRODUCT_BUNDLE_IDENTIFIER = com.sz.nb.HitTestUITests;
				PRODUCT_NAME = "$(TARGET_NAME)";
				TARGETED_DEVICE_FAMILY = "1,2";
				TEST_TARGET_NAME = HitTest;
			};
			name = Release;
		};
/* End XCBuildConfiguration section */

/* Begin XCConfigurationList section */
		3511C5CB215B5F7E00978CB5 /* Build configuration list for PBXProject "HitTest" */ = {
			isa = XCConfigurationList;
			buildConfigurations = (
				3511C5FA215B5F8000978CB5 /* Debug */,
				3511C5FB215B5F8000978CB5 /* Release */,
			);
			defaultConfigurationIsVisible = 0;
			defaultConfigurationName = Release;
		};
		3511C5FC215B5F8000978CB5 /* Build configuration list for PBXNativeTarget "HitTest" */ = {
			isa = XCConfigurationList;
			buildConfigurations = (
				3511C5FD215B5F8000978CB5 /* Debug */,
				3511C5FE215B5F8000978CB5 /* Release */,
			);
			defaultConfigurationIsVisible = 0;
			defaultConfigurationName = Release;
		};
		3511C5FF215B5F8000978CB5 /* Build configuration list for PBXNativeTarget "HitTestTests" */ = {
			isa = XCConfigurationList;
			buildConfigurations = (
				3511C600215B5F8000978CB5 /* Debug */,
				3511C601215B5F8000978CB5 /* Release */,
			);
			defaultConfigurationIsVisible = 0;
			defaultConfigurationName = Release;
		};
		3511C602215B5F8000978CB5 /* Build configuration list for PBXNativeTarget "HitTestUITests" */ = {
			isa = XCConfigurationList;
			buildConfigurations = (
				3511C603215B5F8000978CB5 /* Debug */,
				3511C604215B5F8000978CB5 /* Release */,
			);
			defaultConfigurationIsVisible = 0;
			defaultConfigurationName = Release;
		};
/* End XCConfigurationList section */
	};
	rootObject = 3511C5C8215B5F7E00978CB5 /* Project object */;
}
